{
  "requires": true,
  "lockfileVersion": 1,
  "dependencies": {
    "@angular/common": {
      "version": "4.0.0",
      "resolved": "https://registry.npmjs.org/@angular/common/-/common-4.0.0.tgz",
      "integrity": "sha1-yhiYMiL9q07Kp6i5ntpv9mHm3JI="
    },
    "@angular/compiler": {
      "version": "4.0.0",
      "resolved": "https://registry.npmjs.org/@angular/compiler/-/compiler-4.0.0.tgz",
      "integrity": "sha1-4aoGGm+O8mn5dIrxp7wpD5037Ww="
    },
    "@angular/core": {
      "version": "4.0.0",
      "resolved": "https://registry.npmjs.org/@angular/core/-/core-4.0.0.tgz",
      "integrity": "sha1-/Yd+B0sp36nGO5aiGZX8dVbUI6M="
    },
    "@angular/forms": {
      "version": "4.0.0",
      "resolved": "https://registry.npmjs.org/@angular/forms/-/forms-4.0.0.tgz",
      "integrity": "sha1-AxYwR6LoSvQhBicNouH0erD6/Dc="
    },
    "@angular/http": {
      "version": "4.0.0",
      "resolved": "https://registry.npmjs.org/@angular/http/-/http-4.0.0.tgz",
      "integrity": "sha1-RaU46sQqCxPzdEx+i6/rF9WNoxw="
    },
    "@angular/platform-browser": {
      "version": "4.0.0",
      "resolved": "https://registry.npmjs.org/@angular/platform-browser/-/platform-browser-4.0.0.tgz",
      "integrity": "sha1-USrpqxnMwl+nkCf0TikbzuI2zSs="
    },
    "@angular/platform-browser-dynamic": {
      "version": "4.0.0",
      "resolved": "https://registry.npmjs.org/@angular/platform-browser-dynamic/-/platform-browser-dynamic-4.0.0.tgz",
      "integrity": "sha1-0dnegP4eAnNb6J9RLg+vWoDVf6U="
    },
    "@angular/router": {
      "version": "4.0.0",
      "resolved": "https://registry.npmjs.org/@angular/router/-/router-4.0.0.tgz",
      "integrity": "sha1-9KLcg7ROAj2x1vLBLKWjeiLGavw="
    },
    "@ng-bootstrap/ng-bootstrap": {
      "version": "2.2.2",
      "resolved": "https://registry.npmjs.org/@ng-bootstrap/ng-bootstrap/-/ng-bootstrap-2.2.2.tgz",
      "integrity": "sha512-uqngK1urcevQeF+zgoGW1XDnasjoob4QrwhynNUFpDnnplP1wa+BEUjpSccxU+L2dHLfrOb2sPGEGp8cE2X3Iw=="
    },
    "bootstrap": {
      "version": "3.3.7",
      "resolved": "https://registry.npmjs.org/bootstrap/-/bootstrap-3.3.7.tgz",
      "integrity": "sha1-WjiTlFSfIzMIdaOxUGVldPip63E="
    },
    "core-js": {
      "version": "2.4.1",
      "resolved": "https://registry.npmjs.org/core-js/-/core-js-2.4.1.tgz",
      "integrity": "sha1-TekR5mew6ukSTjQlS1OupvxhjT4="
    },
    "date-fns": {
      "version": "1.29.0",
      "resolved": "https://registry.npmjs.org/date-fns/-/date-fns-1.29.0.tgz",
      "integrity": "sha512-lbTXWZ6M20cWH8N9S6afb0SBm6tMk+uUg6z3MqHPKE9atmsY3kJkTm8vKe93izJ2B2+q5MV990sM2CHgtAZaOw=="
    },
    "font-awesome": {
      "version": "4.7.0",
      "resolved": "https://registry.npmjs.org/font-awesome/-/font-awesome-4.7.0.tgz",
      "integrity": "sha1-j6jPBBGhoxr9B7BtKQK7n8gVoTM="
    },
    "jquery": {
      "version": "3.2.0",
      "resolved": "https://registry.npmjs.org/jquery/-/jquery-3.2.0.tgz",
      "integrity": "sha1-O9u6ZuHu4HhVMt3a2w4NJSHKWEs="
    },
    "moment": {
      "version": "2.18.1",
      "resolved": "https://registry.npmjs.org/moment/-/moment-2.18.1.tgz",
      "integrity": "sha1-w2GT3Tzhwu7SrbfIAtu8d6gbHA8="
    },
    "ng2-datepicker": {
      "version": "3.1.1",
      "resolved": "https://registry.npmjs.org/ng2-datepicker/-/ng2-datepicker-3.1.1.tgz",
      "integrity": "sha512-mNIGDWSgGVkKG+AEKXlVIpFgBLqXvHJXRpRS4We42HQgoo/e3gNxwU2ACCH+i9qYmPuFoXGhJodJTLB4rc4tpg==",
      "requires": {
        "date-fns": "^1.29.0",
        "ngx-slimscroll": "^5.0.0"
      }
    },
    "ng2-datepicker-bootstrap": {
      "version": "1.0.0",
      "resolved": "https://registry.npmjs.org/ng2-datepicker-bootstrap/-/ng2-datepicker-bootstrap-1.0.0.tgz",
      "integrity": "sha1-eKPQ3TuOu7+tH9oZVAiRY8RvPyc=",
      "requires": {
        "@angular/common": "4.0.0",
        "@angular/compiler": "4.0.0",
        "@angular/core": "4.0.0",
        "@angular/forms": "4.0.0",
        "@angular/http": "4.0.0",
        "@angular/platform-browser": "4.0.0",
        "@angular/platform-browser-dynamic": "4.0.0",
        "@angular/router": "4.0.0",
        "bootstrap": "3.3.7",
        "core-js": "2.4.1",
        "font-awesome": "4.7.0",
        "jquery": "3.2.0",
        "moment": "2.18.1",
        "oidc-token-manager": "1.2.0",
        "q": "1.4.1",
        "rxjs": "5.1.0",
        "ts-helpers": "1.1.1",
        "zone.js": "0.8.4"
      }
    },
    "ngx-slimscroll": {
      "version": "5.2.2",
      "resolved": "https://registry.npmjs.org/ngx-slimscroll/-/ngx-slimscroll-5.2.2.tgz",
      "integrity": "sha512-1k7rGHY3VJoXjUIsmZlu2aIjLa5PmC3z1z7gZ6vU41U+ivaYyTxtyySSYLVZ/CNI2W01UrgEQEwZt8XP1bejKw=="
    },
    "oidc-token-manager": {
      "version": "1.2.0",
      "resolved": "https://registry.npmjs.org/oidc-token-manager/-/oidc-token-manager-1.2.0.tgz",
      "integrity": "sha1-QuwRMIIjKatzxN87a/zY12AAp00="
    },
    "q": {
      "version": "1.4.1",
      "resolved": "https://registry.npmjs.org/q/-/q-1.4.1.tgz",
      "integrity": "sha1-VXBbzZPF82c1MMLCy8DCs63cKG4="
    },
    "rxjs": {
      "version": "5.1.0",
      "resolved": "https://registry.npmjs.org/rxjs/-/rxjs-5.1.0.tgz",
      "integrity": "sha1-CqkBi39EC1BfpCvXQrZzi+VQ5yA=",
      "requires": {
        "symbol-observable": "^1.0.1"
      }
    },
    "symbol-observable": {
      "version": "1.2.0",
      "resolved": "https://registry.npmjs.org/symbol-observable/-/symbol-observable-1.2.0.tgz",
      "integrity": "sha512-e900nM8RRtGhlV36KGEU9k65K3mPb1WV70OdjfxlG2EAuM1noi/E/BaW/uMhL7bPEssK8QV57vN3esixjUvcXQ=="
    },
    "ts-helpers": {
      "version": "1.1.1",
      "resolved": "https://registry.npmjs.org/ts-helpers/-/ts-helpers-1.1.1.tgz",
      "integrity": "sha1-iVU9K40xPn8OPgyFwI1tPwNAH1c="
    },
    "zone.js": {
      "version": "0.8.4",
      "resolved": "https://registry.npmjs.org/zone.js/-/zone.js-0.8.4.tgz",
      "integrity": "sha1-zECuWhyHlgHF67oglrXIDwxMNgI="
    }
  }
}
